// !$*UTF8*$!
{
	archiveVersion = 1;
	classes = {
	};
	objectVersion = 56;
	objects = {

/* Begin PBXBuildFile section */
		D603084A2990CD8100679AFA /* Color.swift in Sources */ = {isa = PBXBuildFile; fileRef = D60308492990CD8100679AFA /* Color.swift */; };
		D603084C2990CFFC00679AFA /* UserDefaultsManager.swift in Sources */ = {isa = PBXBuildFile; fileRef = D603084B2990CFFC00679AFA /* UserDefaultsManager.swift */; };
		D603084E2990DBA400679AFA /* UserDefaultsSavable.swift in Sources */ = {isa = PBXBuildFile; fileRef = D603084D2990DBA400679AFA /* UserDefaultsSavable.swift */; };
		D60308502990DBF000679AFA /* ArrayExtensions.swift in Sources */ = {isa = PBXBuildFile; fileRef = D603084F2990DBF000679AFA /* ArrayExtensions.swift */; };
		D6073E4A298AA0FD00C2BFF2 /* GridColorSelectionView.swift in Sources */ = {isa = PBXBuildFile; fileRef = D6073E49298AA0FD00C2BFF2 /* GridColorSelectionView.swift */; };
		D6073E4C298AA11000C2BFF2 /* SpectrumColorSelectionView.swift in Sources */ = {isa = PBXBuildFile; fileRef = D6073E4B298AA11000C2BFF2 /* SpectrumColorSelectionView.swift */; };
		D6073E4E298AA12200C2BFF2 /* SlidersColorSelectionView.swift in Sources */ = {isa = PBXBuildFile; fileRef = D6073E4D298AA12200C2BFF2 /* SlidersColorSelectionView.swift */; };
		D6073E50298AA16000C2BFF2 /* ColorSelectionView.swift in Sources */ = {isa = PBXBuildFile; fileRef = D6073E4F298AA16000C2BFF2 /* ColorSelectionView.swift */; };
		D6073E53298AA89600C2BFF2 /* ColorSelectionViewDelegate.swift in Sources */ = {isa = PBXBuildFile; fileRef = D6073E52298AA89600C2BFF2 /* ColorSelectionViewDelegate.swift */; };
		D6073E55298AB69C00C2BFF2 /* UIBezierPathExtensions.swift in Sources */ = {isa = PBXBuildFile; fileRef = D6073E54298AB69C00C2BFF2 /* UIBezierPathExtensions.swift */; };
		D612E46C299E956800A50C99 /* TransitionAnimationController.swift in Sources */ = {isa = PBXBuildFile; fileRef = D612E46B299E956800A50C99 /* TransitionAnimationController.swift */; };
		D629F419298AFA9B002F0418 /* SavedColorsView.swift in Sources */ = {isa = PBXBuildFile; fileRef = D629F418298AFA9B002F0418 /* SavedColorsView.swift */; };
		D62A6FCE29939FEB00670648 /* CGColorExtesnion.swift in Sources */ = {isa = PBXBuildFile; fileRef = D62A6FCD29939FEB00670648 /* CGColorExtesnion.swift */; };
		D64E7E60298FAA26004E4A90 /* SavedColorsCollectionViewCell.swift in Sources */ = {isa = PBXBuildFile; fileRef = D64E7E5F298FAA26004E4A90 /* SavedColorsCollectionViewCell.swift */; };
		D65554742973E469004E3823 /* CGSizeExtensions.swift in Sources */ = {isa = PBXBuildFile; fileRef = D65554732973E469004E3823 /* CGSizeExtensions.swift */; };
		D681C6DB2994F7AF000D86BC /* DictionaryExtensions.swift in Sources */ = {isa = PBXBuildFile; fileRef = D681C6DA2994F7AF000D86BC /* DictionaryExtensions.swift */; };
		D6995B902902CA9A000E2CA7 /* Lottie in Frameworks */ = {isa = PBXBuildFile; productRef = D6995B8F2902CA9A000E2CA7 /* Lottie */; };
		D6AA0A492978865300F6A8D0 /* ViewConstraints.swift in Sources */ = {isa = PBXBuildFile; fileRef = D6AA0A482978865300F6A8D0 /* ViewConstraints.swift */; };
		D6AC82CB2993D8A500CE434E /* ColorIndicatorView.swift in Sources */ = {isa = PBXBuildFile; fileRef = D6AC82CA2993D8A500CE434E /* ColorIndicatorView.swift */; };
		D6C68F1D2997734300C305A1 /* CGPointExtensions.swift in Sources */ = {isa = PBXBuildFile; fileRef = D6C68F1C2997734300C305A1 /* CGPointExtensions.swift */; };
		D6D40D02298D6E85000470E0 /* SavedColorsViewDelegate.swift in Sources */ = {isa = PBXBuildFile; fileRef = D6D40D01298D6E85000470E0 /* SavedColorsViewDelegate.swift */; };
		D6ECEA5D29704BA000DD9502 /* StrokeSample.swift in Sources */ = {isa = PBXBuildFile; fileRef = D6ECEA5C29704BA000DD9502 /* StrokeSample.swift */; };
		D6ECEA6029704C4900DD9502 /* UIColorExtensions.swift in Sources */ = {isa = PBXBuildFile; fileRef = D6ECEA5F29704C4900DD9502 /* UIColorExtensions.swift */; };
		D6EDF070299AA5A9007A3527 /* OpacitySlider.swift in Sources */ = {isa = PBXBuildFile; fileRef = D6EDF06F299AA5A9007A3527 /* OpacitySlider.swift */; };
		D6F64B3529702B2400F47531 /* LaunchScreen.storyboard in Resources */ = {isa = PBXBuildFile; fileRef = D6F64B1629702B2400F47531 /* LaunchScreen.storyboard */; };
		D6F64B3729702B2400F47531 /* StrokeGestureRecognizer.swift in Sources */ = {isa = PBXBuildFile; fileRef = D6F64B1929702B2400F47531 /* StrokeGestureRecognizer.swift */; };
		D6F64B3829702B2400F47531 /* PickerAccessRequestViewController.swift in Sources */ = {isa = PBXBuildFile; fileRef = D6F64B1B29702B2400F47531 /* PickerAccessRequestViewController.swift */; };
		D6F64B3929702B2400F47531 /* PickerViewController.swift in Sources */ = {isa = PBXBuildFile; fileRef = D6F64B1C29702B2400F47531 /* PickerViewController.swift */; };
		D6F64B3A29702B2400F47531 /* PickerCollectionViewPhotoCell.swift in Sources */ = {isa = PBXBuildFile; fileRef = D6F64B1D29702B2400F47531 /* PickerCollectionViewPhotoCell.swift */; };
		D6F64B3B29702B2400F47531 /* Assets.xcassets in Resources */ = {isa = PBXBuildFile; fileRef = D6F64B1E29702B2400F47531 /* Assets.xcassets */; };
		D6F64B3D29702B2400F47531 /* CanvasToolBarView.swift in Sources */ = {isa = PBXBuildFile; fileRef = D6F64B2129702B2400F47531 /* CanvasToolBarView.swift */; };
		D6F64B3E29702B2400F47531 /* CanvasView.swift in Sources */ = {isa = PBXBuildFile; fileRef = D6F64B2229702B2400F47531 /* CanvasView.swift */; };
		D6F64B3F29702B2400F47531 /* ColorPickerButton.swift in Sources */ = {isa = PBXBuildFile; fileRef = D6F64B2329702B2400F47531 /* ColorPickerButton.swift */; };
		D6F64B4129702B2400F47531 /* Tool.swift in Sources */ = {isa = PBXBuildFile; fileRef = D6F64B2629702B2400F47531 /* Tool.swift */; };
		D6F64B4229702B2400F47531 /* ToolView.swift in Sources */ = {isa = PBXBuildFile; fileRef = D6F64B2729702B2400F47531 /* ToolView.swift */; };
		D6F64B4429702B2400F47531 /* CanvasViewController.swift in Sources */ = {isa = PBXBuildFile; fileRef = D6F64B2929702B2400F47531 /* CanvasViewController.swift */; };
		D6F64B4529702B2400F47531 /* Slider.swift in Sources */ = {isa = PBXBuildFile; fileRef = D6F64B2C29702B2400F47531 /* Slider.swift */; };
		D6F64B4629702B2400F47531 /* SegmentedControlSegment.swift in Sources */ = {isa = PBXBuildFile; fileRef = D6F64B2E29702B2400F47531 /* SegmentedControlSegment.swift */; };
		D6F64B4729702B2400F47531 /* SegmentedControl.swift in Sources */ = {isa = PBXBuildFile; fileRef = D6F64B2F29702B2400F47531 /* SegmentedControl.swift */; };
		D6F64B4829702B2400F47531 /* AppDelegate.swift in Sources */ = {isa = PBXBuildFile; fileRef = D6F64B3029702B2400F47531 /* AppDelegate.swift */; };
		D6F64B4B29702B2400F47531 /* Stroke.swift in Sources */ = {isa = PBXBuildFile; fileRef = D6F64B3329702B2400F47531 /* Stroke.swift */; };
		D6F64B4C29702B2400F47531 /* SceneDelegate.swift in Sources */ = {isa = PBXBuildFile; fileRef = D6F64B3429702B2400F47531 /* SceneDelegate.swift */; };
		D6FFDD3F2983F0060091CE14 /* ColorPickerViewController.swift in Sources */ = {isa = PBXBuildFile; fileRef = D6FFDD3E2983F0060091CE14 /* ColorPickerViewController.swift */; };
		D6FFDD7C298424790091CE14 /* CGFloatExtensions.swift in Sources */ = {isa = PBXBuildFile; fileRef = D6FFDD7B298424790091CE14 /* CGFloatExtensions.swift */; };
		D6FFDD7E298434D80091CE14 /* ColorPickerViewControllerDelegate.swift in Sources */ = {isa = PBXBuildFile; fileRef = D6FFDD7D298434D80091CE14 /* ColorPickerViewControllerDelegate.swift */; };
		D6FFDD8229844E6A0091CE14 /* CanvasToolBarViewDelegate.swift in Sources */ = {isa = PBXBuildFile; fileRef = D6FFDD8129844E6A0091CE14 /* CanvasToolBarViewDelegate.swift */; };
/* End PBXBuildFile section */

/* Begin PBXFileReference section */
		D60308492990CD8100679AFA /* Color.swift */ = {isa = PBXFileReference; lastKnownFileType = sourcecode.swift; path = Color.swift; sourceTree = "<group>"; };
		D603084B2990CFFC00679AFA /* UserDefaultsManager.swift */ = {isa = PBXFileReference; lastKnownFileType = sourcecode.swift; path = UserDefaultsManager.swift; sourceTree = "<group>"; };
		D603084D2990DBA400679AFA /* UserDefaultsSavable.swift */ = {isa = PBXFileReference; lastKnownFileType = sourcecode.swift; path = UserDefaultsSavable.swift; sourceTree = "<group>"; };
		D603084F2990DBF000679AFA /* ArrayExtensions.swift */ = {isa = PBXFileReference; lastKnownFileType = sourcecode.swift; path = ArrayExtensions.swift; sourceTree = "<group>"; };
		D6073E49298AA0FD00C2BFF2 /* GridColorSelectionView.swift */ = {isa = PBXFileReference; lastKnownFileType = sourcecode.swift; path = GridColorSelectionView.swift; sourceTree = "<group>"; };
		D6073E4B298AA11000C2BFF2 /* SpectrumColorSelectionView.swift */ = {isa = PBXFileReference; lastKnownFileType = sourcecode.swift; path = SpectrumColorSelectionView.swift; sourceTree = "<group>"; };
		D6073E4D298AA12200C2BFF2 /* SlidersColorSelectionView.swift */ = {isa = PBXFileReference; lastKnownFileType = sourcecode.swift; path = SlidersColorSelectionView.swift; sourceTree = "<group>"; };
		D6073E4F298AA16000C2BFF2 /* ColorSelectionView.swift */ = {isa = PBXFileReference; lastKnownFileType = sourcecode.swift; path = ColorSelectionView.swift; sourceTree = "<group>"; };
		D6073E52298AA89600C2BFF2 /* ColorSelectionViewDelegate.swift */ = {isa = PBXFileReference; lastKnownFileType = sourcecode.swift; path = ColorSelectionViewDelegate.swift; sourceTree = "<group>"; };
		D6073E54298AB69C00C2BFF2 /* UIBezierPathExtensions.swift */ = {isa = PBXFileReference; lastKnownFileType = sourcecode.swift; path = UIBezierPathExtensions.swift; sourceTree = "<group>"; };
		D612E46B299E956800A50C99 /* TransitionAnimationController.swift */ = {isa = PBXFileReference; lastKnownFileType = sourcecode.swift; path = TransitionAnimationController.swift; sourceTree = "<group>"; };
		D629F418298AFA9B002F0418 /* SavedColorsView.swift */ = {isa = PBXFileReference; lastKnownFileType = sourcecode.swift; path = SavedColorsView.swift; sourceTree = "<group>"; };
		D62A6FCD29939FEB00670648 /* CGColorExtesnion.swift */ = {isa = PBXFileReference; lastKnownFileType = sourcecode.swift; path = CGColorExtesnion.swift; sourceTree = "<group>"; };
		D6453F4D28F7EE2C001F6101 /* TelegramMediaEditor.app */ = {isa = PBXFileReference; explicitFileType = wrapper.application; includeInIndex = 0; path = TelegramMediaEditor.app; sourceTree = BUILT_PRODUCTS_DIR; };
		D64E7E5F298FAA26004E4A90 /* SavedColorsCollectionViewCell.swift */ = {isa = PBXFileReference; lastKnownFileType = sourcecode.swift; path = SavedColorsCollectionViewCell.swift; sourceTree = "<group>"; };
		D65554732973E469004E3823 /* CGSizeExtensions.swift */ = {isa = PBXFileReference; lastKnownFileType = sourcecode.swift; path = CGSizeExtensions.swift; sourceTree = "<group>"; };
		D681C6DA2994F7AF000D86BC /* DictionaryExtensions.swift */ = {isa = PBXFileReference; lastKnownFileType = sourcecode.swift; path = DictionaryExtensions.swift; sourceTree = "<group>"; };
		D6AA0A482978865300F6A8D0 /* ViewConstraints.swift */ = {isa = PBXFileReference; lastKnownFileType = sourcecode.swift; path = ViewConstraints.swift; sourceTree = "<group>"; };
		D6AC82CA2993D8A500CE434E /* ColorIndicatorView.swift */ = {isa = PBXFileReference; lastKnownFileType = sourcecode.swift; path = ColorIndicatorView.swift; sourceTree = "<group>"; };
		D6C68F1C2997734300C305A1 /* CGPointExtensions.swift */ = {isa = PBXFileReference; lastKnownFileType = sourcecode.swift; path = CGPointExtensions.swift; sourceTree = "<group>"; };
		D6D40D01298D6E85000470E0 /* SavedColorsViewDelegate.swift */ = {isa = PBXFileReference; lastKnownFileType = sourcecode.swift; path = SavedColorsViewDelegate.swift; sourceTree = "<group>"; };
		D6ECEA5C29704BA000DD9502 /* StrokeSample.swift */ = {isa = PBXFileReference; lastKnownFileType = sourcecode.swift; path = StrokeSample.swift; sourceTree = "<group>"; };
		D6ECEA5F29704C4900DD9502 /* UIColorExtensions.swift */ = {isa = PBXFileReference; lastKnownFileType = sourcecode.swift; path = UIColorExtensions.swift; sourceTree = "<group>"; };
		D6EDF06F299AA5A9007A3527 /* OpacitySlider.swift */ = {isa = PBXFileReference; lastKnownFileType = sourcecode.swift; path = OpacitySlider.swift; sourceTree = "<group>"; };
		D6F64B1629702B2400F47531 /* LaunchScreen.storyboard */ = {isa = PBXFileReference; fileEncoding = 4; lastKnownFileType = file.storyboard; path = LaunchScreen.storyboard; sourceTree = "<group>"; };
		D6F64B1929702B2400F47531 /* StrokeGestureRecognizer.swift */ = {isa = PBXFileReference; fileEncoding = 4; lastKnownFileType = sourcecode.swift; path = StrokeGestureRecognizer.swift; sourceTree = "<group>"; };
		D6F64B1B29702B2400F47531 /* PickerAccessRequestViewController.swift */ = {isa = PBXFileReference; fileEncoding = 4; lastKnownFileType = sourcecode.swift; path = PickerAccessRequestViewController.swift; sourceTree = "<group>"; };
		D6F64B1C29702B2400F47531 /* PickerViewController.swift */ = {isa = PBXFileReference; fileEncoding = 4; lastKnownFileType = sourcecode.swift; path = PickerViewController.swift; sourceTree = "<group>"; };
		D6F64B1D29702B2400F47531 /* PickerCollectionViewPhotoCell.swift */ = {isa = PBXFileReference; fileEncoding = 4; lastKnownFileType = sourcecode.swift; path = PickerCollectionViewPhotoCell.swift; sourceTree = "<group>"; };
		D6F64B1E29702B2400F47531 /* Assets.xcassets */ = {isa = PBXFileReference; lastKnownFileType = folder.assetcatalog; path = Assets.xcassets; sourceTree = "<group>"; };
		D6F64B2129702B2400F47531 /* CanvasToolBarView.swift */ = {isa = PBXFileReference; fileEncoding = 4; lastKnownFileType = sourcecode.swift; path = CanvasToolBarView.swift; sourceTree = "<group>"; };
		D6F64B2229702B2400F47531 /* CanvasView.swift */ = {isa = PBXFileReference; fileEncoding = 4; lastKnownFileType = sourcecode.swift; path = CanvasView.swift; sourceTree = "<group>"; };
		D6F64B2329702B2400F47531 /* ColorPickerButton.swift */ = {isa = PBXFileReference; fileEncoding = 4; lastKnownFileType = sourcecode.swift; path = ColorPickerButton.swift; sourceTree = "<group>"; };
		D6F64B2629702B2400F47531 /* Tool.swift */ = {isa = PBXFileReference; fileEncoding = 4; lastKnownFileType = sourcecode.swift; path = Tool.swift; sourceTree = "<group>"; };
		D6F64B2729702B2400F47531 /* ToolView.swift */ = {isa = PBXFileReference; fileEncoding = 4; lastKnownFileType = sourcecode.swift; path = ToolView.swift; sourceTree = "<group>"; };
		D6F64B2929702B2400F47531 /* CanvasViewController.swift */ = {isa = PBXFileReference; fileEncoding = 4; lastKnownFileType = sourcecode.swift; path = CanvasViewController.swift; sourceTree = "<group>"; };
		D6F64B2C29702B2400F47531 /* Slider.swift */ = {isa = PBXFileReference; fileEncoding = 4; lastKnownFileType = sourcecode.swift; path = Slider.swift; sourceTree = "<group>"; };
		D6F64B2E29702B2400F47531 /* SegmentedControlSegment.swift */ = {isa = PBXFileReference; fileEncoding = 4; lastKnownFileType = sourcecode.swift; path = SegmentedControlSegment.swift; sourceTree = "<group>"; };
		D6F64B2F29702B2400F47531 /* SegmentedControl.swift */ = {isa = PBXFileReference; fileEncoding = 4; lastKnownFileType = sourcecode.swift; path = SegmentedControl.swift; sourceTree = "<group>"; };
		D6F64B3029702B2400F47531 /* AppDelegate.swift */ = {isa = PBXFileReference; fileEncoding = 4; lastKnownFileType = sourcecode.swift; path = AppDelegate.swift; sourceTree = "<group>"; };
		D6F64B3229702B2400F47531 /* Info.plist */ = {isa = PBXFileReference; fileEncoding = 4; lastKnownFileType = text.plist.xml; path = Info.plist; sourceTree = "<group>"; };
		D6F64B3329702B2400F47531 /* Stroke.swift */ = {isa = PBXFileReference; fileEncoding = 4; lastKnownFileType = sourcecode.swift; path = Stroke.swift; sourceTree = "<group>"; };
		D6F64B3429702B2400F47531 /* SceneDelegate.swift */ = {isa = PBXFileReference; fileEncoding = 4; lastKnownFileType = sourcecode.swift; path = SceneDelegate.swift; sourceTree = "<group>"; };
		D6FFDD3E2983F0060091CE14 /* ColorPickerViewController.swift */ = {isa = PBXFileReference; lastKnownFileType = sourcecode.swift; path = ColorPickerViewController.swift; sourceTree = "<group>"; };
		D6FFDD7B298424790091CE14 /* CGFloatExtensions.swift */ = {isa = PBXFileReference; lastKnownFileType = sourcecode.swift; path = CGFloatExtensions.swift; sourceTree = "<group>"; };
		D6FFDD7D298434D80091CE14 /* ColorPickerViewControllerDelegate.swift */ = {isa = PBXFileReference; lastKnownFileType = sourcecode.swift; path = ColorPickerViewControllerDelegate.swift; sourceTree = "<group>"; };
		D6FFDD8129844E6A0091CE14 /* CanvasToolBarViewDelegate.swift */ = {isa = PBXFileReference; lastKnownFileType = sourcecode.swift; path = CanvasToolBarViewDelegate.swift; sourceTree = "<group>"; };
/* End PBXFileReference section */

/* Begin PBXFrameworksBuildPhase section */
		D6453F4A28F7EE2C001F6101 /* Frameworks */ = {
			isa = PBXFrameworksBuildPhase;
			buildActionMask = 2147483647;
			files = (
				D6995B902902CA9A000E2CA7 /* Lottie in Frameworks */,
			);
			runOnlyForDeploymentPostprocessing = 0;
		};
/* End PBXFrameworksBuildPhase section */

/* Begin PBXGroup section */
		D6073E51298AA1E800C2BFF2 /* ColorSelectionView */ = {
			isa = PBXGroup;
			children = (
				D6073E4F298AA16000C2BFF2 /* ColorSelectionView.swift */,
				D6073E52298AA89600C2BFF2 /* ColorSelectionViewDelegate.swift */,
				D629F417298ADF7E002F0418 /* ColorSelectionViews */,
			);
			path = ColorSelectionView;
			sourceTree = "<group>";
		};
		D6131FEF29903A1F0047567A /* ColorPickerViewController */ = {
			isa = PBXGroup;
			children = (
				D6FFDD3E2983F0060091CE14 /* ColorPickerViewController.swift */,
				D6FFDD7D298434D80091CE14 /* ColorPickerViewControllerDelegate.swift */,
				D6EDF06F299AA5A9007A3527 /* OpacitySlider.swift */,
				D6AC82CA2993D8A500CE434E /* ColorIndicatorView.swift */,
			);
			path = ColorPickerViewController;
			sourceTree = "<group>";
		};
		D629F417298ADF7E002F0418 /* ColorSelectionViews */ = {
			isa = PBXGroup;
			children = (
				D6073E49298AA0FD00C2BFF2 /* GridColorSelectionView.swift */,
				D6073E4B298AA11000C2BFF2 /* SpectrumColorSelectionView.swift */,
				D6073E4D298AA12200C2BFF2 /* SlidersColorSelectionView.swift */,
			);
			path = ColorSelectionViews;
			sourceTree = "<group>";
		};
		D63848FC299D71BC00FFF4AC /* PickerViewController */ = {
			isa = PBXGroup;
			children = (
				D6F64B1C29702B2400F47531 /* PickerViewController.swift */,
				D6F64B1D29702B2400F47531 /* PickerCollectionViewPhotoCell.swift */,
			);
			path = PickerViewController;
			sourceTree = "<group>";
		};
		D6453F4428F7EE2C001F6101 = {
			isa = PBXGroup;
			children = (
				D6F64B1529702B2400F47531 /* TelegramMediaEditor */,
				D6453F4E28F7EE2C001F6101 /* Products */,
			);
			sourceTree = "<group>";
		};
		D6453F4E28F7EE2C001F6101 /* Products */ = {
			isa = PBXGroup;
			children = (
				D6453F4D28F7EE2C001F6101 /* TelegramMediaEditor.app */,
			);
			name = Products;
			sourceTree = "<group>";
		};
		D64E7E61298FAAA8004E4A90 /* SavedColorsView */ = {
			isa = PBXGroup;
			children = (
				D629F418298AFA9B002F0418 /* SavedColorsView.swift */,
				D6D40D01298D6E85000470E0 /* SavedColorsViewDelegate.swift */,
				D64E7E5F298FAA26004E4A90 /* SavedColorsCollectionViewCell.swift */,
			);
			path = SavedColorsView;
			sourceTree = "<group>";
		};
		D65554722973DF25004E3823 /* Stroke */ = {
			isa = PBXGroup;
			children = (
				D6ECEA5C29704BA000DD9502 /* StrokeSample.swift */,
				D6F64B3329702B2400F47531 /* Stroke.swift */,
				D6F64B1929702B2400F47531 /* StrokeGestureRecognizer.swift */,
			);
			path = Stroke;
			sourceTree = "<group>";
		};
		D6ECEA6129704C8800DD9502 /* Extensions */ = {
			isa = PBXGroup;
			children = (
				D6ECEA5F29704C4900DD9502 /* UIColorExtensions.swift */,
				D62A6FCD29939FEB00670648 /* CGColorExtesnion.swift */,
				D65554732973E469004E3823 /* CGSizeExtensions.swift */,
				D6FFDD7B298424790091CE14 /* CGFloatExtensions.swift */,
				D6C68F1C2997734300C305A1 /* CGPointExtensions.swift */,
				D6073E54298AB69C00C2BFF2 /* UIBezierPathExtensions.swift */,
				D603084F2990DBF000679AFA /* ArrayExtensions.swift */,
				D681C6DA2994F7AF000D86BC /* DictionaryExtensions.swift */,
			);
			path = Extensions;
			sourceTree = "<group>";
		};
		D6F64B1529702B2400F47531 /* TelegramMediaEditor */ = {
			isa = PBXGroup;
			children = (
				D6F64B3029702B2400F47531 /* AppDelegate.swift */,
				D6F64B3429702B2400F47531 /* SceneDelegate.swift */,
				D612E46B299E956800A50C99 /* TransitionAnimationController.swift */,
				D6F64B1A29702B2400F47531 /* Picker */,
				D6F64B2029702B2400F47531 /* Canvas */,
				D6FFDD3D2983EF300091CE14 /* ColorPicker */,
				D6F64B2A29702B2400F47531 /* Controls */,
				D6FFDD89298457610091CE14 /* Utilities */,
				D6ECEA6129704C8800DD9502 /* Extensions */,
				D6F64B1E29702B2400F47531 /* Assets.xcassets */,
				D6F64B1629702B2400F47531 /* LaunchScreen.storyboard */,
				D6F64B3229702B2400F47531 /* Info.plist */,
			);
			path = TelegramMediaEditor;
			sourceTree = "<group>";
		};
		D6F64B1A29702B2400F47531 /* Picker */ = {
			isa = PBXGroup;
			children = (
				D6F64B1B29702B2400F47531 /* PickerAccessRequestViewController.swift */,
				D63848FC299D71BC00FFF4AC /* PickerViewController */,
			);
			path = Picker;
			sourceTree = "<group>";
		};
		D6F64B2029702B2400F47531 /* Canvas */ = {
			isa = PBXGroup;
			children = (
				D6F64B2929702B2400F47531 /* CanvasViewController.swift */,
				D6F64B2229702B2400F47531 /* CanvasView.swift */,
				D65554722973DF25004E3823 /* Stroke */,
				D6FFDD87298457130091CE14 /* CanvasToolBar */,
			);
			path = Canvas;
			sourceTree = "<group>";
		};
		D6F64B2529702B2400F47531 /* Tool */ = {
			isa = PBXGroup;
			children = (
				D6F64B2629702B2400F47531 /* Tool.swift */,
				D6F64B2729702B2400F47531 /* ToolView.swift */,
			);
			path = Tool;
			sourceTree = "<group>";
		};
		D6F64B2A29702B2400F47531 /* Controls */ = {
			isa = PBXGroup;
			children = (
				D6F64B2C29702B2400F47531 /* Slider.swift */,
				D6F64B2D29702B2400F47531 /* SegmentedControl */,
			);
			path = Controls;
			sourceTree = "<group>";
		};
		D6F64B2D29702B2400F47531 /* SegmentedControl */ = {
			isa = PBXGroup;
			children = (
				D6F64B2F29702B2400F47531 /* SegmentedControl.swift */,
				D6F64B2E29702B2400F47531 /* SegmentedControlSegment.swift */,
			);
			path = SegmentedControl;
			sourceTree = "<group>";
		};
		D6FFDD3D2983EF300091CE14 /* ColorPicker */ = {
			isa = PBXGroup;
			children = (
				D6131FEF29903A1F0047567A /* ColorPickerViewController */,
				D64E7E61298FAAA8004E4A90 /* SavedColorsView */,
				D6073E51298AA1E800C2BFF2 /* ColorSelectionView */,
			);
			path = ColorPicker;
			sourceTree = "<group>";
		};
		D6FFDD87298457130091CE14 /* CanvasToolBar */ = {
			isa = PBXGroup;
			children = (
				D6F64B2129702B2400F47531 /* CanvasToolBarView.swift */,
				D6FFDD8129844E6A0091CE14 /* CanvasToolBarViewDelegate.swift */,
				D6F64B2329702B2400F47531 /* ColorPickerButton.swift */,
				D6F64B2529702B2400F47531 /* Tool */,
			);
			path = CanvasToolBar;
			sourceTree = "<group>";
		};
		D6FFDD89298457610091CE14 /* Utilities */ = {
			isa = PBXGroup;
			children = (
				D60308492990CD8100679AFA /* Color.swift */,
				D6AA0A482978865300F6A8D0 /* ViewConstraints.swift */,
				D603084B2990CFFC00679AFA /* UserDefaultsManager.swift */,
				D603084D2990DBA400679AFA /* UserDefaultsSavable.swift */,
			);
			path = Utilities;
			sourceTree = "<group>";
		};
/* End PBXGroup section */

/* Begin PBXNativeTarget section */
		D6453F4C28F7EE2C001F6101 /* TelegramMediaEditor */ = {
			isa = PBXNativeTarget;
			buildConfigurationList = D6453F6128F7EE2D001F6101 /* Build configuration list for PBXNativeTarget "TelegramMediaEditor" */;
			buildPhases = (
				D6453F4928F7EE2C001F6101 /* Sources */,
				D6453F4A28F7EE2C001F6101 /* Frameworks */,
				D6453F4B28F7EE2C001F6101 /* Resources */,
			);
			buildRules = (
			);
			dependencies = (
			);
			name = TelegramMediaEditor;
			packageProductDependencies = (
				D6995B8F2902CA9A000E2CA7 /* Lottie */,
			);
			productName = "Telegram Drawing";
			productReference = D6453F4D28F7EE2C001F6101 /* TelegramMediaEditor.app */;
			productType = "com.apple.product-type.application";
		};
/* End PBXNativeTarget section */

/* Begin PBXProject section */
		D6453F4528F7EE2C001F6101 /* Project object */ = {
			isa = PBXProject;
			attributes = {
				BuildIndependentTargetsInParallel = 1;
				LastSwiftUpdateCheck = 1400;
				LastUpgradeCheck = 1400;
				TargetAttributes = {
					D6453F4C28F7EE2C001F6101 = {
						CreatedOnToolsVersion = 14.0.1;
					};
				};
			};
			buildConfigurationList = D6453F4828F7EE2C001F6101 /* Build configuration list for PBXProject "TelegramMediaEditor" */;
			compatibilityVersion = "Xcode 14.0";
			developmentRegion = en;
			hasScannedForEncodings = 0;
			knownRegions = (
				en,
				Base,
			);
			mainGroup = D6453F4428F7EE2C001F6101;
			packageReferences = (
				D6995B8E2902CA9A000E2CA7 /* XCRemoteSwiftPackageReference "lottie-ios" */,
			);
			productRefGroup = D6453F4E28F7EE2C001F6101 /* Products */;
			projectDirPath = "";
			projectRoot = "";
			targets = (
				D6453F4C28F7EE2C001F6101 /* TelegramMediaEditor */,
			);
		};
/* End PBXProject section */

/* Begin PBXResourcesBuildPhase section */
		D6453F4B28F7EE2C001F6101 /* Resources */ = {
			isa = PBXResourcesBuildPhase;
			buildActionMask = 2147483647;
			files = (
				D6F64B3529702B2400F47531 /* LaunchScreen.storyboard in Resources */,
				D6F64B3B29702B2400F47531 /* Assets.xcassets in Resources */,
			);
			runOnlyForDeploymentPostprocessing = 0;
		};
/* End PBXResourcesBuildPhase section */

/* Begin PBXSourcesBuildPhase section */
		D6453F4928F7EE2C001F6101 /* Sources */ = {
			isa = PBXSourcesBuildPhase;
			buildActionMask = 2147483647;
			files = (
				D6FFDD3F2983F0060091CE14 /* ColorPickerViewController.swift in Sources */,
				D6FFDD7E298434D80091CE14 /* ColorPickerViewControllerDelegate.swift in Sources */,
				D6F64B3829702B2400F47531 /* PickerAccessRequestViewController.swift in Sources */,
				D6D40D02298D6E85000470E0 /* SavedColorsViewDelegate.swift in Sources */,
				D603084E2990DBA400679AFA /* UserDefaultsSavable.swift in Sources */,
				D6F64B4629702B2400F47531 /* SegmentedControlSegment.swift in Sources */,
				D603084C2990CFFC00679AFA /* UserDefaultsManager.swift in Sources */,
				D6F64B3F29702B2400F47531 /* ColorPickerButton.swift in Sources */,
				D64E7E60298FAA26004E4A90 /* SavedColorsCollectionViewCell.swift in Sources */,
				D6F64B4429702B2400F47531 /* CanvasViewController.swift in Sources */,
				D6F64B3E29702B2400F47531 /* CanvasView.swift in Sources */,
				D6F64B4529702B2400F47531 /* Slider.swift in Sources */,
				D6073E55298AB69C00C2BFF2 /* UIBezierPathExtensions.swift in Sources */,
				D6F64B3A29702B2400F47531 /* PickerCollectionViewPhotoCell.swift in Sources */,
				D65554742973E469004E3823 /* CGSizeExtensions.swift in Sources */,
				D6F64B4B29702B2400F47531 /* Stroke.swift in Sources */,
				D62A6FCE29939FEB00670648 /* CGColorExtesnion.swift in Sources */,
				D681C6DB2994F7AF000D86BC /* DictionaryExtensions.swift in Sources */,
				D603084A2990CD8100679AFA /* Color.swift in Sources */,
				D6073E53298AA89600C2BFF2 /* ColorSelectionViewDelegate.swift in Sources */,
				D6ECEA5D29704BA000DD9502 /* StrokeSample.swift in Sources */,
				D6073E4E298AA12200C2BFF2 /* SlidersColorSelectionView.swift in Sources */,
				D6F64B3D29702B2400F47531 /* CanvasToolBarView.swift in Sources */,
				D6073E4A298AA0FD00C2BFF2 /* GridColorSelectionView.swift in Sources */,
				D6EDF070299AA5A9007A3527 /* OpacitySlider.swift in Sources */,
				D612E46C299E956800A50C99 /* TransitionAnimationController.swift in Sources */,
				D6AC82CB2993D8A500CE434E /* ColorIndicatorView.swift in Sources */,
				D629F419298AFA9B002F0418 /* SavedColorsView.swift in Sources */,
				D6F64B4129702B2400F47531 /* Tool.swift in Sources */,
				D6F64B3929702B2400F47531 /* PickerViewController.swift in Sources */,
				D6C68F1D2997734300C305A1 /* CGPointExtensions.swift in Sources */,
				D6AA0A492978865300F6A8D0 /* ViewConstraints.swift in Sources */,
				D6073E50298AA16000C2BFF2 /* ColorSelectionView.swift in Sources */,
				D6F64B4C29702B2400F47531 /* SceneDelegate.swift in Sources */,
				D6FFDD7C298424790091CE14 /* CGFloatExtensions.swift in Sources */,
				D6F64B3729702B2400F47531 /* StrokeGestureRecognizer.swift in Sources */,
				D6FFDD8229844E6A0091CE14 /* CanvasToolBarViewDelegate.swift in Sources */,
				D6F64B4729702B2400F47531 /* SegmentedControl.swift in Sources */,
				D60308502990DBF000679AFA /* ArrayExtensions.swift in Sources */,
				D6073E4C298AA11000C2BFF2 /* SpectrumColorSelectionView.swift in Sources */,
				D6F64B4829702B2400F47531 /* AppDelegate.swift in Sources */,
				D6ECEA6029704C4900DD9502 /* UIColorExtensions.swift in Sources */,
				D6F64B4229702B2400F47531 /* ToolView.swift in Sources */,
			);
			runOnlyForDeploymentPostprocessing = 0;
		};
/* End PBXSourcesBuildPhase section */

/* Begin XCBuildConfiguration section */
		D6453F5F28F7EE2D001F6101 /* Debug */ = {
			isa = XCBuildConfiguration;
			buildSettings = {
				ALWAYS_SEARCH_USER_PATHS = NO;
				CLANG_ANALYZER_NONNULL = YES;
				CLANG_ANALYZER_NUMBER_OBJECT_CONVERSION = YES_AGGRESSIVE;
				CLANG_CXX_LANGUAGE_STANDARD = "gnu++20";
				CLANG_ENABLE_MODULES = YES;
				CLANG_ENABLE_OBJC_ARC = YES;
				CLANG_ENABLE_OBJC_WEAK = YES;
				CLANG_WARN_BLOCK_CAPTURE_AUTORELEASING = YES;
				CLANG_WARN_BOOL_CONVERSION = YES;
				CLANG_WARN_COMMA = YES;
				CLANG_WARN_CONSTANT_CONVERSION = YES;
				CLANG_WARN_DEPRECATED_OBJC_IMPLEMENTATIONS = YES;
				CLANG_WARN_DIRECT_OBJC_ISA_USAGE = YES_ERROR;
				CLANG_WARN_DOCUMENTATION_COMMENTS = YES;
				CLANG_WARN_EMPTY_BODY = YES;
				CLANG_WARN_ENUM_CONVERSION = YES;
				CLANG_WARN_INFINITE_RECURSION = YES;
				CLANG_WARN_INT_CONVERSION = YES;
				CLANG_WARN_NON_LITERAL_NULL_CONVERSION = YES;
				CLANG_WARN_OBJC_IMPLICIT_RETAIN_SELF = YES;
				CLANG_WARN_OBJC_LITERAL_CONVERSION = YES;
				CLANG_WARN_OBJC_ROOT_CLASS = YES_ERROR;
				CLANG_WARN_QUOTED_INCLUDE_IN_FRAMEWORK_HEADER = YES;
				CLANG_WARN_RANGE_LOOP_ANALYSIS = YES;
				CLANG_WARN_STRICT_PROTOTYPES = YES;
				CLANG_WARN_SUSPICIOUS_MOVE = YES;
				CLANG_WARN_UNGUARDED_AVAILABILITY = YES_AGGRESSIVE;
				CLANG_WARN_UNREACHABLE_CODE = YES;
				CLANG_WARN__DUPLICATE_METHOD_MATCH = YES;
				COPY_PHASE_STRIP = NO;
				DEBUG_INFORMATION_FORMAT = dwarf;
				ENABLE_STRICT_OBJC_MSGSEND = YES;
				ENABLE_TESTABILITY = YES;
				GCC_C_LANGUAGE_STANDARD = gnu11;
				GCC_DYNAMIC_NO_PIC = NO;
				GCC_NO_COMMON_BLOCKS = YES;
				GCC_OPTIMIZATION_LEVEL = 0;
				GCC_PREPROCESSOR_DEFINITIONS = (
					"DEBUG=1",
					"$(inherited)",
				);
				GCC_WARN_64_TO_32_BIT_CONVERSION = YES;
				GCC_WARN_ABOUT_RETURN_TYPE = YES_ERROR;
				GCC_WARN_UNDECLARED_SELECTOR = YES;
				GCC_WARN_UNINITIALIZED_AUTOS = YES_AGGRESSIVE;
				GCC_WARN_UNUSED_FUNCTION = YES;
				GCC_WARN_UNUSED_VARIABLE = YES;
				IPHONEOS_DEPLOYMENT_TARGET = 13.0;
				MTL_ENABLE_DEBUG_INFO = INCLUDE_SOURCE;
				MTL_FAST_MATH = YES;
				ONLY_ACTIVE_ARCH = YES;
				SDKROOT = iphoneos;
				SWIFT_ACTIVE_COMPILATION_CONDITIONS = DEBUG;
				SWIFT_OPTIMIZATION_LEVEL = "-Onone";
			};
			name = Debug;
		};
		D6453F6028F7EE2D001F6101 /* Release */ = {
			isa = XCBuildConfiguration;
			buildSettings = {
				ALWAYS_SEARCH_USER_PATHS = NO;
				CLANG_ANALYZER_NONNULL = YES;
				CLANG_ANALYZER_NUMBER_OBJECT_CONVERSION = YES_AGGRESSIVE;
				CLANG_CXX_LANGUAGE_STANDARD = "gnu++20";
				CLANG_ENABLE_MODULES = YES;
				CLANG_ENABLE_OBJC_ARC = YES;
				CLANG_ENABLE_OBJC_WEAK = YES;
				CLANG_WARN_BLOCK_CAPTURE_AUTORELEASING = YES;
				CLANG_WARN_BOOL_CONVERSION = YES;
				CLANG_WARN_COMMA = YES;
				CLANG_WARN_CONSTANT_CONVERSION = YES;
				CLANG_WARN_DEPRECATED_OBJC_IMPLEMENTATIONS = YES;
				CLANG_WARN_DIRECT_OBJC_ISA_USAGE = YES_ERROR;
				CLANG_WARN_DOCUMENTATION_COMMENTS = YES;
				CLANG_WARN_EMPTY_BODY = YES;
				CLANG_WARN_ENUM_CONVERSION = YES;
				CLANG_WARN_INFINITE_RECURSION = YES;
				CLANG_WARN_INT_CONVERSION = YES;
				CLANG_WARN_NON_LITERAL_NULL_CONVERSION = YES;
				CLANG_WARN_OBJC_IMPLICIT_RETAIN_SELF = YES;
				CLANG_WARN_OBJC_LITERAL_CONVERSION = YES;
				CLANG_WARN_OBJC_ROOT_CLASS = YES_ERROR;
				CLANG_WARN_QUOTED_INCLUDE_IN_FRAMEWORK_HEADER = YES;
				CLANG_WARN_RANGE_LOOP_ANALYSIS = YES;
				CLANG_WARN_STRICT_PROTOTYPES = YES;
				CLANG_WARN_SUSPICIOUS_MOVE = YES;
				CLANG_WARN_UNGUARDED_AVAILABILITY = YES_AGGRESSIVE;
				CLANG_WARN_UNREACHABLE_CODE = YES;
				CLANG_WARN__DUPLICATE_METHOD_MATCH = YES;
				COPY_PHASE_STRIP = NO;
				DEBUG_INFORMATION_FORMAT = "dwarf-with-dsym";
				ENABLE_NS_ASSERTIONS = NO;
				ENABLE_STRICT_OBJC_MSGSEND = YES;
				GCC_C_LANGUAGE_STANDARD = gnu11;
				GCC_NO_COMMON_BLOCKS = YES;
				GCC_WARN_64_TO_32_BIT_CONVERSION = YES;
				GCC_WARN_ABOUT_RETURN_TYPE = YES_ERROR;
				GCC_WARN_UNDECLARED_SELECTOR = YES;
				GCC_WARN_UNINITIALIZED_AUTOS = YES_AGGRESSIVE;
				GCC_WARN_UNUSED_FUNCTION = YES;
				GCC_WARN_UNUSED_VARIABLE = YES;
				IPHONEOS_DEPLOYMENT_TARGET = 13.0;
				MTL_ENABLE_DEBUG_INFO = NO;
				MTL_FAST_MATH = YES;
				SDKROOT = iphoneos;
				SWIFT_COMPILATION_MODE = wholemodule;
				SWIFT_OPTIMIZATION_LEVEL = "-O";
				VALIDATE_PRODUCT = YES;
			};
			name = Release;
		};
		D6453F6228F7EE2D001F6101 /* Debug */ = {
			isa = XCBuildConfiguration;
			buildSettings = {
				ASSETCATALOG_COMPILER_APPICON_NAME = AppIcon;
				ASSETCATALOG_COMPILER_GLOBAL_ACCENT_COLOR_NAME = AccentColor;
				ASSETCATALOG_COMPILER_INCLUDE_ALL_APPICON_ASSETS = NO;
				CODE_SIGN_STYLE = Automatic;
				CURRENT_PROJECT_VERSION = 1;
				DEVELOPMENT_TEAM = Q7D4Y3BKW2;
				GENERATE_INFOPLIST_FILE = YES;
				INFOPLIST_FILE = TelegramMediaEditor/Info.plist;
				INFOPLIST_KEY_CFBundleDisplayName = "Telegram Media Editor";
				INFOPLIST_KEY_LSApplicationCategoryType = "public.app-category.graphics-design";
				INFOPLIST_KEY_NSPhotoLibraryUsageDescription = "Access Your Photos and Videos";
				INFOPLIST_KEY_UIApplicationSupportsIndirectInputEvents = YES;
				INFOPLIST_KEY_UILaunchStoryboardName = LaunchScreen.storyboard;
				INFOPLIST_KEY_UIRequiresFullScreen = YES;
				INFOPLIST_KEY_UIStatusBarStyle = "";
				INFOPLIST_KEY_UISupportedInterfaceOrientations = "UIInterfaceOrientationLandscapeLeft UIInterfaceOrientationLandscapeRight UIInterfaceOrientationPortrait";
				INFOPLIST_KEY_UISupportedInterfaceOrientations_iPad = "UIInterfaceOrientationLandscapeLeft UIInterfaceOrientationLandscapeRight UIInterfaceOrientationPortrait UIInterfaceOrientationPortraitUpsideDown";
				IPHONEOS_DEPLOYMENT_TARGET = 13.0;
				LD_RUNPATH_SEARCH_PATHS = (
					"$(inherited)",
					"@executable_path/Frameworks",
				);
				MARKETING_VERSION = 1.0;
				PRODUCT_BUNDLE_IDENTIFIER = com.kirillpukhov.TelegramMediaEditor;
				PRODUCT_NAME = "$(TARGET_NAME)";
				SUPPORTED_PLATFORMS = "iphoneos iphonesimulator";
				SUPPORTS_MACCATALYST = NO;
				SUPPORTS_MAC_DESIGNED_FOR_IPHONE_IPAD = NO;
				SWIFT_EMIT_LOC_STRINGS = YES;
				SWIFT_VERSION = 5.0;
				TARGETED_DEVICE_FAMILY = "1,2";
			};
			name = Debug;
		};
		D6453F6328F7EE2D001F6101 /* Release */ = {
			isa = XCBuildConfiguration;
			buildSettings = {
				ASSETCATALOG_COMPILER_APPICON_NAME = AppIcon;
				ASSETCATALOG_COMPILER_GLOBAL_ACCENT_COLOR_NAME = AccentColor;
				ASSETCATALOG_COMPILER_INCLUDE_ALL_APPICON_ASSETS = NO;
				CODE_SIGN_STYLE = Automatic;
				CURRENT_PROJECT_VERSION = 1;
				DEVELOPMENT_TEAM = Q7D4Y3BKW2;
				GENERATE_INFOPLIST_FILE = YES;
				INFOPLIST_FILE = TelegramMediaEditor/Info.plist;
				INFOPLIST_KEY_CFBundleDisplayName = "Telegram Media Editor";
				INFOPLIST_KEY_LSApplicationCategoryType = "public.app-category.graphics-design";
				INFOPLIST_KEY_NSPhotoLibraryUsageDescription = "Access Your Photos and Videos";
				INFOPLIST_KEY_UIApplicationSupportsIndirectInputEvents = YES;
				INFOPLIST_KEY_UILaunchStoryboardName = LaunchScreen.storyboard;
				INFOPLIST_KEY_UIRequiresFullScreen = YES;
				INFOPLIST_KEY_UIStatusBarStyle = "";
				INFOPLIST_KEY_UISupportedInterfaceOrientations = "UIInterfaceOrientationLandscapeLeft UIInterfaceOrientationLandscapeRight UIInterfaceOrientationPortrait";
				INFOPLIST_KEY_UISupportedInterfaceOrientations_iPad = "UIInterfaceOrientationLandscapeLeft UIInterfaceOrientationLandscapeRight UIInterfaceOrientationPortrait UIInterfaceOrientationPortraitUpsideDown";
				IPHONEOS_DEPLOYMENT_TARGET = 13.0;
				LD_RUNPATH_SEARCH_PATHS = (
					"$(inherited)",
					"@executable_path/Frameworks",
				);
				MARKETING_VERSION = 1.0;
				PRODUCT_BUNDLE_IDENTIFIER = com.kirillpukhov.TelegramMediaEditor;
				PRODUCT_NAME = "$(TARGET_NAME)";
				SUPPORTED_PLATFORMS = "iphoneos iphonesimulator";
				SUPPORTS_MACCATALYST = NO;
				SUPPORTS_MAC_DESIGNED_FOR_IPHONE_IPAD = NO;
				SWIFT_EMIT_LOC_STRINGS = YES;
				SWIFT_VERSION = 5.0;
				TARGETED_DEVICE_FAMILY = "1,2";
			};
			name = Release;
		};
/* End XCBuildConfiguration section */

/* Begin XCConfigurationList section */
		D6453F4828F7EE2C001F6101 /* Build configuration list for PBXProject "TelegramMediaEditor" */ = {
			isa = XCConfigurationList;
			buildConfigurations = (
				D6453F5F28F7EE2D001F6101 /* Debug */,
				D6453F6028F7EE2D001F6101 /* Release */,
			);
			defaultConfigurationIsVisible = 0;
			defaultConfigurationName = Release;
		};
		D6453F6128F7EE2D001F6101 /* Build configuration list for PBXNativeTarget "TelegramMediaEditor" */ = {
			isa = XCConfigurationList;
			buildConfigurations = (
				D6453F6228F7EE2D001F6101 /* Debug */,
				D6453F6328F7EE2D001F6101 /* Release */,
			);
			defaultConfigurationIsVisible = 0;
			defaultConfigurationName = Release;
		};
/* End XCConfigurationList section */

/* Begin XCRemoteSwiftPackageReference section */
		D6995B8E2902CA9A000E2CA7 /* XCRemoteSwiftPackageReference "lottie-ios" */ = {
			isa = XCRemoteSwiftPackageReference;
			repositoryURL = "https://github.com/airbnb/lottie-ios";
			requirement = {
				kind = upToNextMajorVersion;
				minimumVersion = 3.0.0;
			};
		};
/* End XCRemoteSwiftPackageReference section */

/* Begin XCSwiftPackageProductDependency section */
		D6995B8F2902CA9A000E2CA7 /* Lottie */ = {
			isa = XCSwiftPackageProductDependency;
			package = D6995B8E2902CA9A000E2CA7 /* XCRemoteSwiftPackageReference "lottie-ios" */;
			productName = Lottie;
		};
/* End XCSwiftPackageProductDependency section */
	};
	rootObject = D6453F4528F7EE2C001F6101 /* Project object */;
}
